
Microsoft Visual Studio Solution File, Format Version 12.00
# Visual Studio 15
VisualStudioVersion = 15.0.27703.2042
MinimumVisualStudioVersion = 10.0.40219.1
Project("{FAE04EC0-301F-11D3-BF4B-00C04F79EFBC}") = "HelloUser", "HelloUser\HelloUser.csproj", "{8E616682-0E89-4969-AB33-116B2D919A45}"
EndProject
Global
	GlobalSection(SolutionConfigurationPlatforms) = preSolution
		Debug|Any CPU = Debug|Any CPU
		Release|Any CPU = Release|Any CPU
	EndGlobalSection
	GlobalSection(ProjectConfigurationPlatforms) = postSolution
		{8E616682-0E89-4969-AB33-116B2D919A45}.Debug|Any CPU.ActiveCfg = Debug|Any CPU
		{8E616682-0E89-4969-AB33-116B2D919A45}.Debug|Any CPU.Build.0 = Debug|Any CPU
		{8E616682-0E89-4969-AB33-116B2D919A45}.Release|Any CPU.ActiveCfg = Release|Any CPU
		{8E616682-0E89-4969-AB33-116B2D919A45}.Release|Any CPU.Build.0 = Release|Any CPU
	EndGlobalSection
	GlobalSection(SolutionProperties) = preSolution
		HideSolutionNode = FALSE
	EndGlobalSection
	GlobalSection(ExtensibilityGlobals) = postSolution
		SolutionGuid = {B7D5B677-E753-41F1-A62E-5ADD4D9F0F9F}
	EndGlobalSection
EndGlobal
