
Microsoft Visual Studio Solution File, Format Version 12.00
# Visual Studio 15
VisualStudioVersion = 15.0.28010.0
MinimumVisualStudioVersion = 10.0.40219.1
Project("{FAE04EC0-301F-11D3-BF4B-00C04F79EFBC}") = "CG 11-3", "CG 11-3\CG 11-3.csproj", "{BC8DF2F6-9107-43C6-91CF-A1EC0C31414E}"
EndProject
Global
	GlobalSection(SolutionConfigurationPlatforms) = preSolution
		Debug|Any CPU = Debug|Any CPU
		Release|Any CPU = Release|Any CPU
	EndGlobalSection
	GlobalSection(ProjectConfigurationPlatforms) = postSolution
		{BC8DF2F6-9107-43C6-91CF-A1EC0C31414E}.Debug|Any CPU.ActiveCfg = Debug|Any CPU
		{BC8DF2F6-9107-43C6-91CF-A1EC0C31414E}.Debug|Any CPU.Build.0 = Debug|Any CPU
		{BC8DF2F6-9107-43C6-91CF-A1EC0C31414E}.Release|Any CPU.ActiveCfg = Release|Any CPU
		{BC8DF2F6-9107-43C6-91CF-A1EC0C31414E}.Release|Any CPU.Build.0 = Release|Any CPU
	EndGlobalSection
	GlobalSection(SolutionProperties) = preSolution
		HideSolutionNode = FALSE
	EndGlobalSection
	GlobalSection(ExtensibilityGlobals) = postSolution
		SolutionGuid = {1D8BEA43-A028-40EC-AF15-3F2203DF7DE1}
	EndGlobalSection
EndGlobal
