
Microsoft Visual Studio Solution File, Format Version 12.00
# Visual Studio 15
VisualStudioVersion = 15.0.27703.2042
MinimumVisualStudioVersion = 10.0.40219.1
Project("{FAE04EC0-301F-11D3-BF4B-00C04F79EFBC}") = "CG 3-3", "CG 3-3\CG 3-3.csproj", "{C6241A2F-1359-42A2-B229-2BC28AA3547E}"
EndProject
Global
	GlobalSection(SolutionConfigurationPlatforms) = preSolution
		Debug|Any CPU = Debug|Any CPU
		Release|Any CPU = Release|Any CPU
	EndGlobalSection
	GlobalSection(ProjectConfigurationPlatforms) = postSolution
		{C6241A2F-1359-42A2-B229-2BC28AA3547E}.Debug|Any CPU.ActiveCfg = Debug|Any CPU
		{C6241A2F-1359-42A2-B229-2BC28AA3547E}.Debug|Any CPU.Build.0 = Debug|Any CPU
		{C6241A2F-1359-42A2-B229-2BC28AA3547E}.Release|Any CPU.ActiveCfg = Release|Any CPU
		{C6241A2F-1359-42A2-B229-2BC28AA3547E}.Release|Any CPU.Build.0 = Release|Any CPU
	EndGlobalSection
	GlobalSection(SolutionProperties) = preSolution
		HideSolutionNode = FALSE
	EndGlobalSection
	GlobalSection(ExtensibilityGlobals) = postSolution
		SolutionGuid = {51F8FBDA-481A-49F7-A6DC-DE9526180061}
	EndGlobalSection
EndGlobal
