
Microsoft Visual Studio Solution File, Format Version 12.00
# Visual Studio 15
VisualStudioVersion = 15.0.27703.2042
MinimumVisualStudioVersion = 10.0.40219.1
Project("{FAE04EC0-301F-11D3-BF4B-00C04F79EFBC}") = "CG 6-1", "CG 6-1\CG 6-1.csproj", "{1D5DEF0E-BC00-49C9-9A20-0F695E662144}"
EndProject
Global
	GlobalSection(SolutionConfigurationPlatforms) = preSolution
		Debug|Any CPU = Debug|Any CPU
		Release|Any CPU = Release|Any CPU
	EndGlobalSection
	GlobalSection(ProjectConfigurationPlatforms) = postSolution
		{1D5DEF0E-BC00-49C9-9A20-0F695E662144}.Debug|Any CPU.ActiveCfg = Debug|Any CPU
		{1D5DEF0E-BC00-49C9-9A20-0F695E662144}.Debug|Any CPU.Build.0 = Debug|Any CPU
		{1D5DEF0E-BC00-49C9-9A20-0F695E662144}.Release|Any CPU.ActiveCfg = Release|Any CPU
		{1D5DEF0E-BC00-49C9-9A20-0F695E662144}.Release|Any CPU.Build.0 = Release|Any CPU
	EndGlobalSection
	GlobalSection(SolutionProperties) = preSolution
		HideSolutionNode = FALSE
	EndGlobalSection
	GlobalSection(ExtensibilityGlobals) = postSolution
		SolutionGuid = {5BBB8E1E-F09F-43A0-ADD6-DC288019D42F}
	EndGlobalSection
EndGlobal
