
Microsoft Visual Studio Solution File, Format Version 12.00
# Visual Studio 15
VisualStudioVersion = 15.0.27703.2042
MinimumVisualStudioVersion = 10.0.40219.1
Project("{FAE04EC0-301F-11D3-BF4B-00C04F79EFBC}") = "HelloWorld", "HelloWorld\HelloWorld.csproj", "{DC0F9AAE-7A28-4B37-87D6-B834C5AA6B9B}"
EndProject
Global
	GlobalSection(SolutionConfigurationPlatforms) = preSolution
		Debug|Any CPU = Debug|Any CPU
		Release|Any CPU = Release|Any CPU
	EndGlobalSection
	GlobalSection(ProjectConfigurationPlatforms) = postSolution
		{DC0F9AAE-7A28-4B37-87D6-B834C5AA6B9B}.Debug|Any CPU.ActiveCfg = Debug|Any CPU
		{DC0F9AAE-7A28-4B37-87D6-B834C5AA6B9B}.Debug|Any CPU.Build.0 = Debug|Any CPU
		{DC0F9AAE-7A28-4B37-87D6-B834C5AA6B9B}.Release|Any CPU.ActiveCfg = Release|Any CPU
		{DC0F9AAE-7A28-4B37-87D6-B834C5AA6B9B}.Release|Any CPU.Build.0 = Release|Any CPU
	EndGlobalSection
	GlobalSection(SolutionProperties) = preSolution
		HideSolutionNode = FALSE
	EndGlobalSection
	GlobalSection(ExtensibilityGlobals) = postSolution
		SolutionGuid = {46A65149-2178-49B1-9E4A-4B5A0BF8EB2F}
	EndGlobalSection
EndGlobal
