
Microsoft Visual Studio Solution File, Format Version 12.00
# Visual Studio 15
VisualStudioVersion = 15.0.28010.0
MinimumVisualStudioVersion = 10.0.40219.1
Project("{FAE04EC0-301F-11D3-BF4B-00C04F79EFBC}") = "CG 13-3", "CG 13-3\CG 13-3.csproj", "{EC53AEFC-38A7-4294-8661-A2B234D4651C}"
EndProject
Global
	GlobalSection(SolutionConfigurationPlatforms) = preSolution
		Debug|Any CPU = Debug|Any CPU
		Release|Any CPU = Release|Any CPU
	EndGlobalSection
	GlobalSection(ProjectConfigurationPlatforms) = postSolution
		{EC53AEFC-38A7-4294-8661-A2B234D4651C}.Debug|Any CPU.ActiveCfg = Debug|Any CPU
		{EC53AEFC-38A7-4294-8661-A2B234D4651C}.Debug|Any CPU.Build.0 = Debug|Any CPU
		{EC53AEFC-38A7-4294-8661-A2B234D4651C}.Release|Any CPU.ActiveCfg = Release|Any CPU
		{EC53AEFC-38A7-4294-8661-A2B234D4651C}.Release|Any CPU.Build.0 = Release|Any CPU
	EndGlobalSection
	GlobalSection(SolutionProperties) = preSolution
		HideSolutionNode = FALSE
	EndGlobalSection
	GlobalSection(ExtensibilityGlobals) = postSolution
		SolutionGuid = {0D3D1B6A-86F4-4517-B8FA-4C7754A3120C}
	EndGlobalSection
EndGlobal
