
Microsoft Visual Studio Solution File, Format Version 12.00
# Visual Studio 15
VisualStudioVersion = 15.0.28010.0
MinimumVisualStudioVersion = 10.0.40219.1
Project("{9A19103F-16F7-4668-BE54-9A1E7A4F7556}") = "CG 13-1", "CG 13-1\CG 13-1.csproj", "{DE0CF8E6-B8CB-41E7-A5E2-CDBF3A36E6D8}"
EndProject
Global
	GlobalSection(SolutionConfigurationPlatforms) = preSolution
		Debug|Any CPU = Debug|Any CPU
		Release|Any CPU = Release|Any CPU
	EndGlobalSection
	GlobalSection(ProjectConfigurationPlatforms) = postSolution
		{DE0CF8E6-B8CB-41E7-A5E2-CDBF3A36E6D8}.Debug|Any CPU.ActiveCfg = Debug|Any CPU
		{DE0CF8E6-B8CB-41E7-A5E2-CDBF3A36E6D8}.Debug|Any CPU.Build.0 = Debug|Any CPU
		{DE0CF8E6-B8CB-41E7-A5E2-CDBF3A36E6D8}.Release|Any CPU.ActiveCfg = Release|Any CPU
		{DE0CF8E6-B8CB-41E7-A5E2-CDBF3A36E6D8}.Release|Any CPU.Build.0 = Release|Any CPU
	EndGlobalSection
	GlobalSection(SolutionProperties) = preSolution
		HideSolutionNode = FALSE
	EndGlobalSection
	GlobalSection(ExtensibilityGlobals) = postSolution
		SolutionGuid = {3C37FBFB-B57E-4EC1-AE4B-70B6BD4C5528}
	EndGlobalSection
EndGlobal
