
Microsoft Visual Studio Solution File, Format Version 12.00
# Visual Studio 15
VisualStudioVersion = 15.0.28010.0
MinimumVisualStudioVersion = 10.0.40219.1
Project("{FAE04EC0-301F-11D3-BF4B-00C04F79EFBC}") = "CG 6-3", "CG 6-3\CG 6-3.csproj", "{61155558-C519-4E77-A1B4-A6D7B6DC84D4}"
EndProject
Global
	GlobalSection(SolutionConfigurationPlatforms) = preSolution
		Debug|Any CPU = Debug|Any CPU
		Release|Any CPU = Release|Any CPU
	EndGlobalSection
	GlobalSection(ProjectConfigurationPlatforms) = postSolution
		{61155558-C519-4E77-A1B4-A6D7B6DC84D4}.Debug|Any CPU.ActiveCfg = Debug|Any CPU
		{61155558-C519-4E77-A1B4-A6D7B6DC84D4}.Debug|Any CPU.Build.0 = Debug|Any CPU
		{61155558-C519-4E77-A1B4-A6D7B6DC84D4}.Release|Any CPU.ActiveCfg = Release|Any CPU
		{61155558-C519-4E77-A1B4-A6D7B6DC84D4}.Release|Any CPU.Build.0 = Release|Any CPU
	EndGlobalSection
	GlobalSection(SolutionProperties) = preSolution
		HideSolutionNode = FALSE
	EndGlobalSection
	GlobalSection(ExtensibilityGlobals) = postSolution
		SolutionGuid = {E2E883F7-5395-4EFD-9048-318AF5CD87ED}
	EndGlobalSection
EndGlobal
