
Microsoft Visual Studio Solution File, Format Version 12.00
# Visual Studio 15
VisualStudioVersion = 15.0.27703.2042
MinimumVisualStudioVersion = 10.0.40219.1
Project("{FAE04EC0-301F-11D3-BF4B-00C04F79EFBC}") = "CG 3-2", "CG 3-2\CG 3-2.csproj", "{5EAAA60F-4952-41A8-BD2D-70FF54EDD468}"
EndProject
Global
	GlobalSection(SolutionConfigurationPlatforms) = preSolution
		Debug|Any CPU = Debug|Any CPU
		Release|Any CPU = Release|Any CPU
	EndGlobalSection
	GlobalSection(ProjectConfigurationPlatforms) = postSolution
		{5EAAA60F-4952-41A8-BD2D-70FF54EDD468}.Debug|Any CPU.ActiveCfg = Debug|Any CPU
		{5EAAA60F-4952-41A8-BD2D-70FF54EDD468}.Debug|Any CPU.Build.0 = Debug|Any CPU
		{5EAAA60F-4952-41A8-BD2D-70FF54EDD468}.Release|Any CPU.ActiveCfg = Release|Any CPU
		{5EAAA60F-4952-41A8-BD2D-70FF54EDD468}.Release|Any CPU.Build.0 = Release|Any CPU
	EndGlobalSection
	GlobalSection(SolutionProperties) = preSolution
		HideSolutionNode = FALSE
	EndGlobalSection
	GlobalSection(ExtensibilityGlobals) = postSolution
		SolutionGuid = {B5B3528A-21C9-4BDB-B30B-7B79A68CA9DA}
	EndGlobalSection
EndGlobal
